
Microsoft Visual Studio Solution File, Format Version 12.00
# Visual Studio Version 16
VisualStudioVersion = 16.0.31019.35
MinimumVisualStudioVersion = 10.0.40219.1
Project("{FAE04EC0-301F-11D3-BF4B-00C04F79EFBC}") = "PairUpDivisibleNumber", "PairUpDivisibleNumber\PairUpDivisibleNumber.csproj", "{477562E2-5D1A-4D7D-9BEE-2E98946CCC3D}"
EndProject
Global
	GlobalSection(SolutionConfigurationPlatforms) = preSolution
		Debug|Any CPU = Debug|Any CPU
		Release|Any CPU = Release|Any CPU
	EndGlobalSection
	GlobalSection(ProjectConfigurationPlatforms) = postSolution
		{477562E2-5D1A-4D7D-9BEE-2E98946CCC3D}.Debug|Any CPU.ActiveCfg = Debug|Any CPU
		{477562E2-5D1A-4D7D-9BEE-2E98946CCC3D}.Debug|Any CPU.Build.0 = Debug|Any CPU
		{477562E2-5D1A-4D7D-9BEE-2E98946CCC3D}.Release|Any CPU.ActiveCfg = Release|Any CPU
		{477562E2-5D1A-4D7D-9BEE-2E98946CCC3D}.Release|Any CPU.Build.0 = Release|Any CPU
	EndGlobalSection
	GlobalSection(SolutionProperties) = preSolution
		HideSolutionNode = FALSE
	EndGlobalSection
	GlobalSection(ExtensibilityGlobals) = postSolution
		SolutionGuid = {B1015D9B-F4A1-4E5F-8453-B6C7ADFAD391}
	EndGlobalSection
EndGlobal
